
Microsoft Visual Studio Solution File, Format Version 12.00
# Visual Studio Version 17
VisualStudioVersion = 17.7.34024.191
MinimumVisualStudioVersion = 10.0.40219.1
Project("{FAE04EC0-301F-11D3-BF4B-00C04F79EFBC}") = "PayEd.api", "PayEd.api\PayEd.api.csproj", "{05432CFD-5842-441A-89E7-BF00A11B8C91}"
EndProject
Project("{FAE04EC0-301F-11D3-BF4B-00C04F79EFBC}") = "PayEd.Data", "PayEd.Data\PayEd.Data.csproj", "{198A3FD6-654A-4BD5-90EC-D69911A98F8E}"
EndProject
Project("{FAE04EC0-301F-11D3-BF4B-00C04F79EFBC}") = "PayEd.Core", "PayEd.Core\PayEd.Core.csproj", "{AB65FF2D-C911-4EE8-8DC5-004D2D6D96FD}"
EndProject
Project("{FAE04EC0-301F-11D3-BF4B-00C04F79EFBC}") = "PayEd.Infrastructure", "PayEd.Infrastructure\PayEd.Infrastructure.csproj", "{C2F0FB1D-BC91-485B-94DC-725CF82663B5}"
EndProject
Global
	GlobalSection(SolutionConfigurationPlatforms) = preSolution
		Debug|Any CPU = Debug|Any CPU
		Release|Any CPU = Release|Any CPU
	EndGlobalSection
	GlobalSection(ProjectConfigurationPlatforms) = postSolution
		{05432CFD-5842-441A-89E7-BF00A11B8C91}.Debug|Any CPU.ActiveCfg = Debug|Any CPU
		{05432CFD-5842-441A-89E7-BF00A11B8C91}.Debug|Any CPU.Build.0 = Debug|Any CPU
		{05432CFD-5842-441A-89E7-BF00A11B8C91}.Release|Any CPU.ActiveCfg = Release|Any CPU
		{05432CFD-5842-441A-89E7-BF00A11B8C91}.Release|Any CPU.Build.0 = Release|Any CPU
		{198A3FD6-654A-4BD5-90EC-D69911A98F8E}.Debug|Any CPU.ActiveCfg = Debug|Any CPU
		{198A3FD6-654A-4BD5-90EC-D69911A98F8E}.Debug|Any CPU.Build.0 = Debug|Any CPU
		{198A3FD6-654A-4BD5-90EC-D69911A98F8E}.Release|Any CPU.ActiveCfg = Release|Any CPU
		{198A3FD6-654A-4BD5-90EC-D69911A98F8E}.Release|Any CPU.Build.0 = Release|Any CPU
		{AB65FF2D-C911-4EE8-8DC5-004D2D6D96FD}.Debug|Any CPU.ActiveCfg = Debug|Any CPU
		{AB65FF2D-C911-4EE8-8DC5-004D2D6D96FD}.Debug|Any CPU.Build.0 = Debug|Any CPU
		{AB65FF2D-C911-4EE8-8DC5-004D2D6D96FD}.Release|Any CPU.ActiveCfg = Release|Any CPU
		{AB65FF2D-C911-4EE8-8DC5-004D2D6D96FD}.Release|Any CPU.Build.0 = Release|Any CPU
		{C2F0FB1D-BC91-485B-94DC-725CF82663B5}.Debug|Any CPU.ActiveCfg = Debug|Any CPU
		{C2F0FB1D-BC91-485B-94DC-725CF82663B5}.Debug|Any CPU.Build.0 = Debug|Any CPU
		{C2F0FB1D-BC91-485B-94DC-725CF82663B5}.Release|Any CPU.ActiveCfg = Release|Any CPU
		{C2F0FB1D-BC91-485B-94DC-725CF82663B5}.Release|Any CPU.Build.0 = Release|Any CPU
	EndGlobalSection
	GlobalSection(SolutionProperties) = preSolution
		HideSolutionNode = FALSE
	EndGlobalSection
	GlobalSection(ExtensibilityGlobals) = postSolution
		SolutionGuid = {EAF68BAD-E8BB-4C0A-ACD5-F3977830AAFF}
	EndGlobalSection
EndGlobal
